
Microsoft Visual Studio Solution File, Format Version 12.00
# Visual Studio Version 17
VisualStudioVersion = 17.4.33110.190
MinimumVisualStudioVersion = 10.0.40219.1
Project("{FAE04EC0-301F-11D3-BF4B-00C04F79EFBC}") = "UC3_MaxString", "UC3_MaxString.csproj", "{BF6E5FF7-0FF1-4299-B08D-3E2A5E3714D1}"
EndProject
Global
	GlobalSection(SolutionConfigurationPlatforms) = preSolution
		Debug|Any CPU = Debug|Any CPU
		Release|Any CPU = Release|Any CPU
	EndGlobalSection
	GlobalSection(ProjectConfigurationPlatforms) = postSolution
		{BF6E5FF7-0FF1-4299-B08D-3E2A5E3714D1}.Debug|Any CPU.ActiveCfg = Debug|Any CPU
		{BF6E5FF7-0FF1-4299-B08D-3E2A5E3714D1}.Debug|Any CPU.Build.0 = Debug|Any CPU
		{BF6E5FF7-0FF1-4299-B08D-3E2A5E3714D1}.Release|Any CPU.ActiveCfg = Release|Any CPU
		{BF6E5FF7-0FF1-4299-B08D-3E2A5E3714D1}.Release|Any CPU.Build.0 = Release|Any CPU
	EndGlobalSection
	GlobalSection(SolutionProperties) = preSolution
		HideSolutionNode = FALSE
	EndGlobalSection
	GlobalSection(ExtensibilityGlobals) = postSolution
		SolutionGuid = {AA5CA3A8-0DFD-47A4-8A4A-C6BF5AA6CE51}
	EndGlobalSection
EndGlobal
