
Microsoft Visual Studio Solution File, Format Version 12.00
# Visual Studio Version 17
VisualStudioVersion = 17.4.33110.190
MinimumVisualStudioVersion = 10.0.40219.1
Project("{FAE04EC0-301F-11D3-BF4B-00C04F79EFBC}") = "UC1_MaxIntegers", "UC1_MaxIntegers.csproj", "{04D00FFD-4A87-4A16-9851-66371EC417FE}"
EndProject
Global
	GlobalSection(SolutionConfigurationPlatforms) = preSolution
		Debug|Any CPU = Debug|Any CPU
		Release|Any CPU = Release|Any CPU
	EndGlobalSection
	GlobalSection(ProjectConfigurationPlatforms) = postSolution
		{04D00FFD-4A87-4A16-9851-66371EC417FE}.Debug|Any CPU.ActiveCfg = Debug|Any CPU
		{04D00FFD-4A87-4A16-9851-66371EC417FE}.Debug|Any CPU.Build.0 = Debug|Any CPU
		{04D00FFD-4A87-4A16-9851-66371EC417FE}.Release|Any CPU.ActiveCfg = Release|Any CPU
		{04D00FFD-4A87-4A16-9851-66371EC417FE}.Release|Any CPU.Build.0 = Release|Any CPU
	EndGlobalSection
	GlobalSection(SolutionProperties) = preSolution
		HideSolutionNode = FALSE
	EndGlobalSection
	GlobalSection(ExtensibilityGlobals) = postSolution
		SolutionGuid = {3F675AE5-EEF7-44F6-9B9C-E283395B40F6}
	EndGlobalSection
EndGlobal
